
Microsoft Visual Studio Solution File, Format Version 12.00
# Visual Studio Version 16
VisualStudioVersion = 16.0.30413.136
MinimumVisualStudioVersion = 10.0.40219.1
Project("{FAE04EC0-301F-11D3-BF4B-00C04F79EFBC}") = "MyPractice", "MyPractice\MyPractice.csproj", "{855C4538-9902-48C7-ABC9-D8BB93731ACA}"
EndProject
Global
	GlobalSection(SolutionConfigurationPlatforms) = preSolution
		Debug|Any CPU = Debug|Any CPU
		Release|Any CPU = Release|Any CPU
	EndGlobalSection
	GlobalSection(ProjectConfigurationPlatforms) = postSolution
		{855C4538-9902-48C7-ABC9-D8BB93731ACA}.Debug|Any CPU.ActiveCfg = Debug|Any CPU
		{855C4538-9902-48C7-ABC9-D8BB93731ACA}.Debug|Any CPU.Build.0 = Debug|Any CPU
		{855C4538-9902-48C7-ABC9-D8BB93731ACA}.Release|Any CPU.ActiveCfg = Release|Any CPU
		{855C4538-9902-48C7-ABC9-D8BB93731ACA}.Release|Any CPU.Build.0 = Release|Any CPU
	EndGlobalSection
	GlobalSection(SolutionProperties) = preSolution
		HideSolutionNode = FALSE
	EndGlobalSection
	GlobalSection(ExtensibilityGlobals) = postSolution
		SolutionGuid = {931C6840-7C2E-4694-8CC2-60BE511CC7AA}
	EndGlobalSection
EndGlobal
